
Microsoft Visual Studio Solution File, Format Version 12.00
# Visual Studio Version 16
VisualStudioVersion = 16.0.31112.23
MinimumVisualStudioVersion = 10.0.40219.1
Project("{FAE04EC0-301F-11D3-BF4B-00C04F79EFBC}") = "PolymorphismDemo.Lib", "PolymorphismDemo.Lib\PolymorphismDemo.Lib.csproj", "{AA17E83C-5502-4C4C-80CC-509AE9FF4654}"
EndProject
Project("{FAE04EC0-301F-11D3-BF4B-00C04F79EFBC}") = "PolymorphismDemo.Test", "PolymorphismDemo.Test\PolymorphismDemo.Test.csproj", "{72F5334E-F52E-40EA-A019-E8327D6A05AD}"
EndProject
Global
	GlobalSection(SolutionConfigurationPlatforms) = preSolution
		Debug|Any CPU = Debug|Any CPU
		Release|Any CPU = Release|Any CPU
	EndGlobalSection
	GlobalSection(ProjectConfigurationPlatforms) = postSolution
		{AA17E83C-5502-4C4C-80CC-509AE9FF4654}.Debug|Any CPU.ActiveCfg = Debug|Any CPU
		{AA17E83C-5502-4C4C-80CC-509AE9FF4654}.Debug|Any CPU.Build.0 = Debug|Any CPU
		{AA17E83C-5502-4C4C-80CC-509AE9FF4654}.Release|Any CPU.ActiveCfg = Release|Any CPU
		{AA17E83C-5502-4C4C-80CC-509AE9FF4654}.Release|Any CPU.Build.0 = Release|Any CPU
		{72F5334E-F52E-40EA-A019-E8327D6A05AD}.Debug|Any CPU.ActiveCfg = Debug|Any CPU
		{72F5334E-F52E-40EA-A019-E8327D6A05AD}.Debug|Any CPU.Build.0 = Debug|Any CPU
		{72F5334E-F52E-40EA-A019-E8327D6A05AD}.Release|Any CPU.ActiveCfg = Release|Any CPU
		{72F5334E-F52E-40EA-A019-E8327D6A05AD}.Release|Any CPU.Build.0 = Release|Any CPU
	EndGlobalSection
	GlobalSection(SolutionProperties) = preSolution
		HideSolutionNode = FALSE
	EndGlobalSection
	GlobalSection(ExtensibilityGlobals) = postSolution
		SolutionGuid = {5BD4F3CE-7FC3-4DC4-909E-EA0381225DCC}
	EndGlobalSection
EndGlobal
